
Microsoft Visual Studio Solution File, Format Version 12.00
# Visual Studio 15
VisualStudioVersion = 15.0.26430.16
MinimumVisualStudioVersion = 10.0.40219.1
Project("{FAE04EC0-301F-11D3-BF4B-00C04F79EFBC}") = "ELM327SWDL", "ELM327SWDL\ELM327SWDL.csproj", "{3720CB9C-A047-4C84-AA73-C32B3FBC57D8}"
EndProject
Project("{9A19103F-16F7-4668-BE54-9A1E7A4F7556}") = "OBD.NET.Common", "OBD.NET\OBD.NET\OBD.NET.Common\OBD.NET.Common.csproj", "{2BAFB3C5-A01A-4647-801C-1DB2721974FC}"
EndProject
Project("{FAE04EC0-301F-11D3-BF4B-00C04F79EFBC}") = "ODB.NET.Desktop", "OBD.NET\OBD.NET\ODB.NET.Desktop\ODB.NET.Desktop.csproj", "{14CB98E1-95DE-4923-8896-FDF5171AA49E}"
EndProject
Global
	GlobalSection(SolutionConfigurationPlatforms) = preSolution
		Debug|Any CPU = Debug|Any CPU
		Release|Any CPU = Release|Any CPU
	EndGlobalSection
	GlobalSection(ProjectConfigurationPlatforms) = postSolution
		{3720CB9C-A047-4C84-AA73-C32B3FBC57D8}.Debug|Any CPU.ActiveCfg = Debug|Any CPU
		{3720CB9C-A047-4C84-AA73-C32B3FBC57D8}.Debug|Any CPU.Build.0 = Debug|Any CPU
		{3720CB9C-A047-4C84-AA73-C32B3FBC57D8}.Release|Any CPU.ActiveCfg = Release|Any CPU
		{3720CB9C-A047-4C84-AA73-C32B3FBC57D8}.Release|Any CPU.Build.0 = Release|Any CPU
		{2BAFB3C5-A01A-4647-801C-1DB2721974FC}.Debug|Any CPU.ActiveCfg = Debug|Any CPU
		{2BAFB3C5-A01A-4647-801C-1DB2721974FC}.Debug|Any CPU.Build.0 = Debug|Any CPU
		{2BAFB3C5-A01A-4647-801C-1DB2721974FC}.Release|Any CPU.ActiveCfg = Release|Any CPU
		{2BAFB3C5-A01A-4647-801C-1DB2721974FC}.Release|Any CPU.Build.0 = Release|Any CPU
		{14CB98E1-95DE-4923-8896-FDF5171AA49E}.Debug|Any CPU.ActiveCfg = Debug|Any CPU
		{14CB98E1-95DE-4923-8896-FDF5171AA49E}.Debug|Any CPU.Build.0 = Debug|Any CPU
		{14CB98E1-95DE-4923-8896-FDF5171AA49E}.Release|Any CPU.ActiveCfg = Release|Any CPU
		{14CB98E1-95DE-4923-8896-FDF5171AA49E}.Release|Any CPU.Build.0 = Release|Any CPU
	EndGlobalSection
	GlobalSection(SolutionProperties) = preSolution
		HideSolutionNode = FALSE
	EndGlobalSection
EndGlobal
